
Microsoft Visual Studio Solution File, Format Version 12.00
# Visual Studio Version 17
VisualStudioVersion = 17.4.33205.214
MinimumVisualStudioVersion = 10.0.40219.1
Project("{FAE04EC0-301F-11D3-BF4B-00C04F79EFBC}") = "About_Shila_Akondo", "About_Shila_Akondo.csproj", "{9182C287-6652-4558-A32B-4C7027C436AB}"
EndProject
Global
	GlobalSection(SolutionConfigurationPlatforms) = preSolution
		Debug|Any CPU = Debug|Any CPU
		Release|Any CPU = Release|Any CPU
	EndGlobalSection
	GlobalSection(ProjectConfigurationPlatforms) = postSolution
		{9182C287-6652-4558-A32B-4C7027C436AB}.Debug|Any CPU.ActiveCfg = Debug|Any CPU
		{9182C287-6652-4558-A32B-4C7027C436AB}.Debug|Any CPU.Build.0 = Debug|Any CPU
		{9182C287-6652-4558-A32B-4C7027C436AB}.Release|Any CPU.ActiveCfg = Release|Any CPU
		{9182C287-6652-4558-A32B-4C7027C436AB}.Release|Any CPU.Build.0 = Release|Any CPU
	EndGlobalSection
	GlobalSection(SolutionProperties) = preSolution
		HideSolutionNode = FALSE
	EndGlobalSection
	GlobalSection(ExtensibilityGlobals) = postSolution
		SolutionGuid = {B547009A-FA60-4EC2-B8C5-EBCE821A7CAD}
	EndGlobalSection
EndGlobal
